
Microsoft Visual Studio Solution File, Format Version 12.00
# Visual Studio Version 17
VisualStudioVersion = 17.10.35013.160
MinimumVisualStudioVersion = 10.0.40219.1
Project("{2150E333-8FDC-42A3-9474-1A3956D46DE8}") = "src", "src", "{827E0CD3-B72D-47B6-A68D-7590B98EB39B}"
EndProject
Project("{2150E333-8FDC-42A3-9474-1A3956D46DE8}") = "tests", "tests", "{0AB3BF05-4346-4AA6-1389-037BE0695223}"
EndProject
Project("{FAE04EC0-301F-11D3-BF4B-00C04F79EFBC}") = "WordRush.Web", "src\Web\WordRush.Web.csproj", "{0E147037-7E89-4227-9123-39010384B702}"
EndProject
Project("{FAE04EC0-301F-11D3-BF4B-00C04F79EFBC}") = "WordRush.Core", "src\Core\WordRush.Core.csproj", "{FC800FED-D6AE-4C99-976C-68EA0ECDA204}"
EndProject
Project("{FAE04EC0-301F-11D3-BF4B-00C04F79EFBC}") = "WordRush.Repository", "src\Repository\WordRush.Repository.csproj", "{04B8E927-CA5E-43AD-A4B8-8737FCCB73EA}"
EndProject
Project("{FAE04EC0-301F-11D3-BF4B-00C04F79EFBC}") = "WordRush.Web.Tests", "tests\Web.Tests\WordRush.Web.Tests.csproj", "{AB960ECE-AD92-4BBB-A31A-6DC262E8B961}"
EndProject
Project("{FAE04EC0-301F-11D3-BF4B-00C04F79EFBC}") = "WordRush.Core.Tests", "tests\Core.Tests\WordRush.Core.Tests.csproj", "{EACC9D95-DEE5-42CC-A3F6-F50517D69294}"
EndProject
Project("{FAE04EC0-301F-11D3-BF4B-00C04F79EFBC}") = "WordRush.Migrations", "src\Migrations\WordRush.Migrations.csproj", "{79CF9D6B-FC0A-416F-8CFD-A5F4864EA16A}"
EndProject
Global
	GlobalSection(SolutionConfigurationPlatforms) = preSolution
		Debug|Any CPU = Debug|Any CPU
		Debug|x64 = Debug|x64
		Debug|x86 = Debug|x86
		Release|Any CPU = Release|Any CPU
		Release|x64 = Release|x64
		Release|x86 = Release|x86
	EndGlobalSection
	GlobalSection(ProjectConfigurationPlatforms) = postSolution
		{0E147037-7E89-4227-9123-39010384B702}.Debug|Any CPU.ActiveCfg = Debug|Any CPU
		{0E147037-7E89-4227-9123-39010384B702}.Debug|Any CPU.Build.0 = Debug|Any CPU
		{0E147037-7E89-4227-9123-39010384B702}.Debug|x64.ActiveCfg = Debug|Any CPU
		{0E147037-7E89-4227-9123-39010384B702}.Debug|x64.Build.0 = Debug|Any CPU
		{0E147037-7E89-4227-9123-39010384B702}.Debug|x86.ActiveCfg = Debug|Any CPU
		{0E147037-7E89-4227-9123-39010384B702}.Debug|x86.Build.0 = Debug|Any CPU
		{0E147037-7E89-4227-9123-39010384B702}.Release|Any CPU.ActiveCfg = Release|Any CPU
		{0E147037-7E89-4227-9123-39010384B702}.Release|Any CPU.Build.0 = Release|Any CPU
		{0E147037-7E89-4227-9123-39010384B702}.Release|x64.ActiveCfg = Release|Any CPU
		{0E147037-7E89-4227-9123-39010384B702}.Release|x64.Build.0 = Release|Any CPU
		{0E147037-7E89-4227-9123-39010384B702}.Release|x86.ActiveCfg = Release|Any CPU
		{0E147037-7E89-4227-9123-39010384B702}.Release|x86.Build.0 = Release|Any CPU
		{FC800FED-D6AE-4C99-976C-68EA0ECDA204}.Debug|Any CPU.ActiveCfg = Debug|Any CPU
		{FC800FED-D6AE-4C99-976C-68EA0ECDA204}.Debug|Any CPU.Build.0 = Debug|Any CPU
		{FC800FED-D6AE-4C99-976C-68EA0ECDA204}.Debug|x64.ActiveCfg = Debug|Any CPU
		{FC800FED-D6AE-4C99-976C-68EA0ECDA204}.Debug|x64.Build.0 = Debug|Any CPU
		{FC800FED-D6AE-4C99-976C-68EA0ECDA204}.Debug|x86.ActiveCfg = Debug|Any CPU
		{FC800FED-D6AE-4C99-976C-68EA0ECDA204}.Debug|x86.Build.0 = Debug|Any CPU
		{FC800FED-D6AE-4C99-976C-68EA0ECDA204}.Release|Any CPU.ActiveCfg = Release|Any CPU
		{FC800FED-D6AE-4C99-976C-68EA0ECDA204}.Release|Any CPU.Build.0 = Release|Any CPU
		{FC800FED-D6AE-4C99-976C-68EA0ECDA204}.Release|x64.ActiveCfg = Release|Any CPU
		{FC800FED-D6AE-4C99-976C-68EA0ECDA204}.Release|x64.Build.0 = Release|Any CPU
		{FC800FED-D6AE-4C99-976C-68EA0ECDA204}.Release|x86.ActiveCfg = Release|Any CPU
		{FC800FED-D6AE-4C99-976C-68EA0ECDA204}.Release|x86.Build.0 = Release|Any CPU
		{04B8E927-CA5E-43AD-A4B8-8737FCCB73EA}.Debug|Any CPU.ActiveCfg = Debug|Any CPU
		{04B8E927-CA5E-43AD-A4B8-8737FCCB73EA}.Debug|Any CPU.Build.0 = Debug|Any CPU
		{04B8E927-CA5E-43AD-A4B8-8737FCCB73EA}.Debug|x64.ActiveCfg = Debug|Any CPU
		{04B8E927-CA5E-43AD-A4B8-8737FCCB73EA}.Debug|x64.Build.0 = Debug|Any CPU
		{04B8E927-CA5E-43AD-A4B8-8737FCCB73EA}.Debug|x86.ActiveCfg = Debug|Any CPU
		{04B8E927-CA5E-43AD-A4B8-8737FCCB73EA}.Debug|x86.Build.0 = Debug|Any CPU
		{04B8E927-CA5E-43AD-A4B8-8737FCCB73EA}.Release|Any CPU.ActiveCfg = Release|Any CPU
		{04B8E927-CA5E-43AD-A4B8-8737FCCB73EA}.Release|Any CPU.Build.0 = Release|Any CPU
		{04B8E927-CA5E-43AD-A4B8-8737FCCB73EA}.Release|x64.ActiveCfg = Release|Any CPU
		{04B8E927-CA5E-43AD-A4B8-8737FCCB73EA}.Release|x64.Build.0 = Release|Any CPU
		{04B8E927-CA5E-43AD-A4B8-8737FCCB73EA}.Release|x86.ActiveCfg = Release|Any CPU
		{04B8E927-CA5E-43AD-A4B8-8737FCCB73EA}.Release|x86.Build.0 = Release|Any CPU
		{AB960ECE-AD92-4BBB-A31A-6DC262E8B961}.Debug|Any CPU.ActiveCfg = Debug|Any CPU
		{AB960ECE-AD92-4BBB-A31A-6DC262E8B961}.Debug|Any CPU.Build.0 = Debug|Any CPU
		{AB960ECE-AD92-4BBB-A31A-6DC262E8B961}.Debug|x64.ActiveCfg = Debug|Any CPU
		{AB960ECE-AD92-4BBB-A31A-6DC262E8B961}.Debug|x64.Build.0 = Debug|Any CPU
		{AB960ECE-AD92-4BBB-A31A-6DC262E8B961}.Debug|x86.ActiveCfg = Debug|Any CPU
		{AB960ECE-AD92-4BBB-A31A-6DC262E8B961}.Debug|x86.Build.0 = Debug|Any CPU
		{AB960ECE-AD92-4BBB-A31A-6DC262E8B961}.Release|Any CPU.ActiveCfg = Release|Any CPU
		{AB960ECE-AD92-4BBB-A31A-6DC262E8B961}.Release|Any CPU.Build.0 = Release|Any CPU
		{AB960ECE-AD92-4BBB-A31A-6DC262E8B961}.Release|x64.ActiveCfg = Release|Any CPU
		{AB960ECE-AD92-4BBB-A31A-6DC262E8B961}.Release|x64.Build.0 = Release|Any CPU
		{AB960ECE-AD92-4BBB-A31A-6DC262E8B961}.Release|x86.ActiveCfg = Release|Any CPU
		{AB960ECE-AD92-4BBB-A31A-6DC262E8B961}.Release|x86.Build.0 = Release|Any CPU
		{EACC9D95-DEE5-42CC-A3F6-F50517D69294}.Debug|Any CPU.ActiveCfg = Debug|Any CPU
		{EACC9D95-DEE5-42CC-A3F6-F50517D69294}.Debug|Any CPU.Build.0 = Debug|Any CPU
		{EACC9D95-DEE5-42CC-A3F6-F50517D69294}.Debug|x64.ActiveCfg = Debug|Any CPU
		{EACC9D95-DEE5-42CC-A3F6-F50517D69294}.Debug|x64.Build.0 = Debug|Any CPU
		{EACC9D95-DEE5-42CC-A3F6-F50517D69294}.Debug|x86.ActiveCfg = Debug|Any CPU
		{EACC9D95-DEE5-42CC-A3F6-F50517D69294}.Debug|x86.Build.0 = Debug|Any CPU
		{EACC9D95-DEE5-42CC-A3F6-F50517D69294}.Release|Any CPU.ActiveCfg = Release|Any CPU
		{EACC9D95-DEE5-42CC-A3F6-F50517D69294}.Release|Any CPU.Build.0 = Release|Any CPU
		{EACC9D95-DEE5-42CC-A3F6-F50517D69294}.Release|x64.ActiveCfg = Release|Any CPU
		{EACC9D95-DEE5-42CC-A3F6-F50517D69294}.Release|x64.Build.0 = Release|Any CPU
		{EACC9D95-DEE5-42CC-A3F6-F50517D69294}.Release|x86.ActiveCfg = Release|Any CPU
		{EACC9D95-DEE5-42CC-A3F6-F50517D69294}.Release|x86.Build.0 = Release|Any CPU
		{79CF9D6B-FC0A-416F-8CFD-A5F4864EA16A}.Debug|Any CPU.ActiveCfg = Debug|Any CPU
		{79CF9D6B-FC0A-416F-8CFD-A5F4864EA16A}.Debug|Any CPU.Build.0 = Debug|Any CPU
		{79CF9D6B-FC0A-416F-8CFD-A5F4864EA16A}.Debug|x64.ActiveCfg = Debug|Any CPU
		{79CF9D6B-FC0A-416F-8CFD-A5F4864EA16A}.Debug|x64.Build.0 = Debug|Any CPU
		{79CF9D6B-FC0A-416F-8CFD-A5F4864EA16A}.Debug|x86.ActiveCfg = Debug|Any CPU
		{79CF9D6B-FC0A-416F-8CFD-A5F4864EA16A}.Debug|x86.Build.0 = Debug|Any CPU
		{79CF9D6B-FC0A-416F-8CFD-A5F4864EA16A}.Release|Any CPU.ActiveCfg = Release|Any CPU
		{79CF9D6B-FC0A-416F-8CFD-A5F4864EA16A}.Release|Any CPU.Build.0 = Release|Any CPU
		{79CF9D6B-FC0A-416F-8CFD-A5F4864EA16A}.Release|x64.ActiveCfg = Release|Any CPU
		{79CF9D6B-FC0A-416F-8CFD-A5F4864EA16A}.Release|x64.Build.0 = Release|Any CPU
		{79CF9D6B-FC0A-416F-8CFD-A5F4864EA16A}.Release|x86.ActiveCfg = Release|Any CPU
		{79CF9D6B-FC0A-416F-8CFD-A5F4864EA16A}.Release|x86.Build.0 = Release|Any CPU
	EndGlobalSection
	GlobalSection(SolutionProperties) = preSolution
		HideSolutionNode = FALSE
	EndGlobalSection
	GlobalSection(NestedProjects) = preSolution
		{0E147037-7E89-4227-9123-39010384B702} = {827E0CD3-B72D-47B6-A68D-7590B98EB39B}
		{FC800FED-D6AE-4C99-976C-68EA0ECDA204} = {827E0CD3-B72D-47B6-A68D-7590B98EB39B}
		{04B8E927-CA5E-43AD-A4B8-8737FCCB73EA} = {827E0CD3-B72D-47B6-A68D-7590B98EB39B}
		{AB960ECE-AD92-4BBB-A31A-6DC262E8B961} = {0AB3BF05-4346-4AA6-1389-037BE0695223}
		{EACC9D95-DEE5-42CC-A3F6-F50517D69294} = {0AB3BF05-4346-4AA6-1389-037BE0695223}
		{79CF9D6B-FC0A-416F-8CFD-A5F4864EA16A} = {827E0CD3-B72D-47B6-A68D-7590B98EB39B}
	EndGlobalSection
	GlobalSection(ExtensibilityGlobals) = postSolution
		SolutionGuid = {8DD12A38-0163-45D0-BBB8-2954165D63EC}
	EndGlobalSection
EndGlobal
