
Microsoft Visual Studio Solution File, Format Version 12.00
# Visual Studio Version 17
VisualStudioVersion = 17.0.31903.59
MinimumVisualStudioVersion = 10.0.40219.1
Project("{2150E333-8FDC-42A3-9474-1A3956D46DE8}") = "src", "src", "{827E0CD3-B72D-47B6-A68D-7590B98EB39B}"
EndProject
Project("{2150E333-8FDC-42A3-9474-1A3956D46DE8}") = "Web", "Web", "{03997797-E7F5-0643-168D-B8EA7178C2FE}"
EndProject
Project("{FAE04EC0-301F-11D3-BF4B-00C04F79EFBC}") = "WordRush.Web", "src\Web\WordRush.Web.csproj", "{0E147037-7E89-4227-9123-39010384B702}"
EndProject
Project("{2150E333-8FDC-42A3-9474-1A3956D46DE8}") = "Core", "Core", "{8D626EA8-CB54-BC41-363A-217881BEBA6E}"
EndProject
Project("{FAE04EC0-301F-11D3-BF4B-00C04F79EFBC}") = "WordRush.Core", "src\Core\WordRush.Core.csproj", "{FC800FED-D6AE-4C99-976C-68EA0ECDA204}"
EndProject
Project("{2150E333-8FDC-42A3-9474-1A3956D46DE8}") = "tests", "tests", "{0AB3BF05-4346-4AA6-1389-037BE0695223}"
EndProject
Project("{2150E333-8FDC-42A3-9474-1A3956D46DE8}") = "Web.Tests", "Web.Tests", "{15F57BD7-2FA5-C976-7793-6C7FD7B57FDA}"
EndProject
Project("{FAE04EC0-301F-11D3-BF4B-00C04F79EFBC}") = "WordRush.Web.Tests", "tests\Web.Tests\WordRush.Web.Tests.csproj", "{AB960ECE-AD92-4BBB-A31A-6DC262E8B961}"
EndProject
Project("{FAE04EC0-301F-11D3-BF4B-00C04F79EFBC}") = "WordRush.Core.Tests", "tests\Core.Tests\WordRush.Core.Tests.csproj", "{EACC9D95-DEE5-42CC-A3F6-F50517D69294}"
EndProject
Global
	GlobalSection(SolutionConfigurationPlatforms) = preSolution
		Debug|Any CPU = Debug|Any CPU
		Debug|x64 = Debug|x64
		Debug|x86 = Debug|x86
		Release|Any CPU = Release|Any CPU
		Release|x64 = Release|x64
		Release|x86 = Release|x86
	EndGlobalSection
	GlobalSection(ProjectConfigurationPlatforms) = postSolution
		{0E147037-7E89-4227-9123-39010384B702}.Debug|Any CPU.ActiveCfg = Debug|Any CPU
		{0E147037-7E89-4227-9123-39010384B702}.Debug|Any CPU.Build.0 = Debug|Any CPU
		{0E147037-7E89-4227-9123-39010384B702}.Debug|x64.ActiveCfg = Debug|Any CPU
		{0E147037-7E89-4227-9123-39010384B702}.Debug|x64.Build.0 = Debug|Any CPU
		{0E147037-7E89-4227-9123-39010384B702}.Debug|x86.ActiveCfg = Debug|Any CPU
		{0E147037-7E89-4227-9123-39010384B702}.Debug|x86.Build.0 = Debug|Any CPU
		{0E147037-7E89-4227-9123-39010384B702}.Release|Any CPU.ActiveCfg = Release|Any CPU
		{0E147037-7E89-4227-9123-39010384B702}.Release|Any CPU.Build.0 = Release|Any CPU
		{0E147037-7E89-4227-9123-39010384B702}.Release|x64.ActiveCfg = Release|Any CPU
		{0E147037-7E89-4227-9123-39010384B702}.Release|x64.Build.0 = Release|Any CPU
		{0E147037-7E89-4227-9123-39010384B702}.Release|x86.ActiveCfg = Release|Any CPU
		{0E147037-7E89-4227-9123-39010384B702}.Release|x86.Build.0 = Release|Any CPU
		{FC800FED-D6AE-4C99-976C-68EA0ECDA204}.Debug|Any CPU.ActiveCfg = Debug|Any CPU
		{FC800FED-D6AE-4C99-976C-68EA0ECDA204}.Debug|Any CPU.Build.0 = Debug|Any CPU
		{FC800FED-D6AE-4C99-976C-68EA0ECDA204}.Debug|x64.ActiveCfg = Debug|Any CPU
		{FC800FED-D6AE-4C99-976C-68EA0ECDA204}.Debug|x64.Build.0 = Debug|Any CPU
		{FC800FED-D6AE-4C99-976C-68EA0ECDA204}.Debug|x86.ActiveCfg = Debug|Any CPU
		{FC800FED-D6AE-4C99-976C-68EA0ECDA204}.Debug|x86.Build.0 = Debug|Any CPU
		{FC800FED-D6AE-4C99-976C-68EA0ECDA204}.Release|Any CPU.ActiveCfg = Release|Any CPU
		{FC800FED-D6AE-4C99-976C-68EA0ECDA204}.Release|Any CPU.Build.0 = Release|Any CPU
		{FC800FED-D6AE-4C99-976C-68EA0ECDA204}.Release|x64.ActiveCfg = Release|Any CPU
		{FC800FED-D6AE-4C99-976C-68EA0ECDA204}.Release|x64.Build.0 = Release|Any CPU
		{FC800FED-D6AE-4C99-976C-68EA0ECDA204}.Release|x86.ActiveCfg = Release|Any CPU
		{FC800FED-D6AE-4C99-976C-68EA0ECDA204}.Release|x86.Build.0 = Release|Any CPU
		{AB960ECE-AD92-4BBB-A31A-6DC262E8B961}.Debug|Any CPU.ActiveCfg = Debug|Any CPU
		{AB960ECE-AD92-4BBB-A31A-6DC262E8B961}.Debug|Any CPU.Build.0 = Debug|Any CPU
		{AB960ECE-AD92-4BBB-A31A-6DC262E8B961}.Debug|x64.ActiveCfg = Debug|Any CPU
		{AB960ECE-AD92-4BBB-A31A-6DC262E8B961}.Debug|x64.Build.0 = Debug|Any CPU
		{AB960ECE-AD92-4BBB-A31A-6DC262E8B961}.Debug|x86.ActiveCfg = Debug|Any CPU
		{AB960ECE-AD92-4BBB-A31A-6DC262E8B961}.Debug|x86.Build.0 = Debug|Any CPU
		{AB960ECE-AD92-4BBB-A31A-6DC262E8B961}.Release|Any CPU.ActiveCfg = Release|Any CPU
		{AB960ECE-AD92-4BBB-A31A-6DC262E8B961}.Release|Any CPU.Build.0 = Release|Any CPU
		{AB960ECE-AD92-4BBB-A31A-6DC262E8B961}.Release|x64.ActiveCfg = Release|Any CPU
		{AB960ECE-AD92-4BBB-A31A-6DC262E8B961}.Release|x64.Build.0 = Release|Any CPU
		{AB960ECE-AD92-4BBB-A31A-6DC262E8B961}.Release|x86.ActiveCfg = Release|Any CPU
		{AB960ECE-AD92-4BBB-A31A-6DC262E8B961}.Release|x86.Build.0 = Release|Any CPU
		{EACC9D95-DEE5-42CC-A3F6-F50517D69294}.Debug|Any CPU.ActiveCfg = Debug|Any CPU
		{EACC9D95-DEE5-42CC-A3F6-F50517D69294}.Debug|Any CPU.Build.0 = Debug|Any CPU
		{EACC9D95-DEE5-42CC-A3F6-F50517D69294}.Debug|x64.ActiveCfg = Debug|Any CPU
		{EACC9D95-DEE5-42CC-A3F6-F50517D69294}.Debug|x64.Build.0 = Debug|Any CPU
		{EACC9D95-DEE5-42CC-A3F6-F50517D69294}.Debug|x86.ActiveCfg = Debug|Any CPU
		{EACC9D95-DEE5-42CC-A3F6-F50517D69294}.Debug|x86.Build.0 = Debug|Any CPU
		{EACC9D95-DEE5-42CC-A3F6-F50517D69294}.Release|Any CPU.ActiveCfg = Release|Any CPU
		{EACC9D95-DEE5-42CC-A3F6-F50517D69294}.Release|Any CPU.Build.0 = Release|Any CPU
		{EACC9D95-DEE5-42CC-A3F6-F50517D69294}.Release|x64.ActiveCfg = Release|Any CPU
		{EACC9D95-DEE5-42CC-A3F6-F50517D69294}.Release|x64.Build.0 = Release|Any CPU
		{EACC9D95-DEE5-42CC-A3F6-F50517D69294}.Release|x86.ActiveCfg = Release|Any CPU
		{EACC9D95-DEE5-42CC-A3F6-F50517D69294}.Release|x86.Build.0 = Release|Any CPU
	EndGlobalSection
	GlobalSection(SolutionProperties) = preSolution
		HideSolutionNode = FALSE
	EndGlobalSection
	GlobalSection(NestedProjects) = preSolution
		{03997797-E7F5-0643-168D-B8EA7178C2FE} = {827E0CD3-B72D-47B6-A68D-7590B98EB39B}
		{0E147037-7E89-4227-9123-39010384B702} = {03997797-E7F5-0643-168D-B8EA7178C2FE}
		{8D626EA8-CB54-BC41-363A-217881BEBA6E} = {827E0CD3-B72D-47B6-A68D-7590B98EB39B}
		{FC800FED-D6AE-4C99-976C-68EA0ECDA204} = {8D626EA8-CB54-BC41-363A-217881BEBA6E}
		{15F57BD7-2FA5-C976-7793-6C7FD7B57FDA} = {0AB3BF05-4346-4AA6-1389-037BE0695223}
		{AB960ECE-AD92-4BBB-A31A-6DC262E8B961} = {15F57BD7-2FA5-C976-7793-6C7FD7B57FDA}
		{EACC9D95-DEE5-42CC-A3F6-F50517D69294} = {15F57BD7-2FA5-C976-7793-6C7FD7B57FDA}
	EndGlobalSection
EndGlobal
